
Microsoft Visual Studio Solution File, Format Version 12.00
# Visual Studio 15
VisualStudioVersion = 15.0.27428.2015
MinimumVisualStudioVersion = 10.0.40219.1
Project("{8BC9CEB8-8B4A-11D0-8D11-00A0C91BC942}") = "Server", "Server\Server.vcxproj", "{5F504A11-76F4-40B6-9D5E-F3CCC7B1E39B}"
EndProject
Project("{8BC9CEB8-8B4A-11D0-8D11-00A0C91BC942}") = "Client", "Client\Client.vcxproj", "{045DCBEC-99EE-43F1-9425-37317A5EB867}"
EndProject
Global
	GlobalSection(SolutionConfigurationPlatforms) = preSolution
		Debug|x64 = Debug|x64
		Debug|x86 = Debug|x86
		Release|x64 = Release|x64
		Release|x86 = Release|x86
	EndGlobalSection
	GlobalSection(ProjectConfigurationPlatforms) = postSolution
		{5F504A11-76F4-40B6-9D5E-F3CCC7B1E39B}.Debug|x64.ActiveCfg = Debug|x64
		{5F504A11-76F4-40B6-9D5E-F3CCC7B1E39B}.Debug|x64.Build.0 = Debug|x64
		{5F504A11-76F4-40B6-9D5E-F3CCC7B1E39B}.Debug|x86.ActiveCfg = Debug|Win32
		{5F504A11-76F4-40B6-9D5E-F3CCC7B1E39B}.Debug|x86.Build.0 = Debug|Win32
		{5F504A11-76F4-40B6-9D5E-F3CCC7B1E39B}.Release|x64.ActiveCfg = Release|x64
		{5F504A11-76F4-40B6-9D5E-F3CCC7B1E39B}.Release|x64.Build.0 = Release|x64
		{5F504A11-76F4-40B6-9D5E-F3CCC7B1E39B}.Release|x86.ActiveCfg = Release|Win32
		{5F504A11-76F4-40B6-9D5E-F3CCC7B1E39B}.Release|x86.Build.0 = Release|Win32
		{045DCBEC-99EE-43F1-9425-37317A5EB867}.Debug|x64.ActiveCfg = Debug|x64
		{045DCBEC-99EE-43F1-9425-37317A5EB867}.Debug|x64.Build.0 = Debug|x64
		{045DCBEC-99EE-43F1-9425-37317A5EB867}.Debug|x86.ActiveCfg = Debug|Win32
		{045DCBEC-99EE-43F1-9425-37317A5EB867}.Debug|x86.Build.0 = Debug|Win32
		{045DCBEC-99EE-43F1-9425-37317A5EB867}.Release|x64.ActiveCfg = Release|x64
		{045DCBEC-99EE-43F1-9425-37317A5EB867}.Release|x64.Build.0 = Release|x64
		{045DCBEC-99EE-43F1-9425-37317A5EB867}.Release|x86.ActiveCfg = Release|Win32
		{045DCBEC-99EE-43F1-9425-37317A5EB867}.Release|x86.Build.0 = Release|Win32
	EndGlobalSection
	GlobalSection(SolutionProperties) = preSolution
		HideSolutionNode = FALSE
	EndGlobalSection
	GlobalSection(ExtensibilityGlobals) = postSolution
		SolutionGuid = {86428F1B-22FD-4873-BD3D-661CC524EE70}
	EndGlobalSection
EndGlobal
